// !$*UTF8*$!
{
	archiveVersion = 1;
	classes = {
	};
	objectVersion = 46;
	objects = {

/* Begin PBXBuildFile section */
		AA252C491E780B11008929FB /* AppDelegate.swift in Sources */ = {isa = PBXBuildFile; fileRef = AA252C481E780B11008929FB /* AppDelegate.swift */; };
		AA252C4E1E780B11008929FB /* Main.storyboard in Resources */ = {isa = PBXBuildFile; fileRef = AA252C4C1E780B11008929FB /* Main.storyboard */; };
		AA252C501E780B11008929FB /* Assets.xcassets in Resources */ = {isa = PBXBuildFile; fileRef = AA252C4F1E780B11008929FB /* Assets.xcassets */; };
		AA252C531E780B11008929FB /* LaunchScreen.storyboard in Resources */ = {isa = PBXBuildFile; fileRef = AA252C511E780B11008929FB /* LaunchScreen.storyboard */; };
		AA252C5C1E780D03008929FB /* ImageViewController.swift in Sources */ = {isa = PBXBuildFile; fileRef = AA252C5B1E780D03008929FB /* ImageViewController.swift */; };
		AA252C5E1E78100C008929FB /* DemoURL.swift in Sources */ = {isa = PBXBuildFile; fileRef = AA252C5D1E78100C008929FB /* DemoURL.swift */; };
		AA252C601E781D4A008929FB /* CassiniViewController.swift in Sources */ = {isa = PBXBuildFile; fileRef = AA252C5F1E781D4A008929FB /* CassiniViewController.swift */; };
/* End PBXBuildFile section */

/* Begin PBXFileReference section */
		AA252C451E780B11008929FB /* Cassini.app */ = {isa = PBXFileReference; explicitFileType = wrapper.application; includeInIndex = 0; path = Cassini.app; sourceTree = BUILT_PRODUCTS_DIR; };
		AA252C481E780B11008929FB /* AppDelegate.swift */ = {isa = PBXFileReference; lastKnownFileType = sourcecode.swift; path = AppDelegate.swift; sourceTree = "<group>"; };
		AA252C4D1E780B11008929FB /* Base */ = {isa = PBXFileReference; lastKnownFileType = file.storyboard; name = Base; path = Base.lproj/Main.storyboard; sourceTree = "<group>"; };
		AA252C4F1E780B11008929FB /* Assets.xcassets */ = {isa = PBXFileReference; lastKnownFileType = folder.assetcatalog; path = Assets.xcassets; sourceTree = "<group>"; };
		AA252C521E780B11008929FB /* Base */ = {isa = PBXFileReference; lastKnownFileType = file.storyboard; name = Base; path = Base.lproj/LaunchScreen.storyboard; sourceTree = "<group>"; };
		AA252C541E780B11008929FB /* Info.plist */ = {isa = PBXFileReference; lastKnownFileType = text.plist.xml; path = Info.plist; sourceTree = "<group>"; };
		AA252C5B1E780D03008929FB /* ImageViewController.swift */ = {isa = PBXFileReference; fileEncoding = 4; lastKnownFileType = sourcecode.swift; path = ImageViewController.swift; sourceTree = "<group>"; };
		AA252C5D1E78100C008929FB /* DemoURL.swift */ = {isa = PBXFileReference; fileEncoding = 4; lastKnownFileType = sourcecode.swift; path = DemoURL.swift; sourceTree = "<group>"; };
		AA252C5F1E781D4A008929FB /* CassiniViewController.swift */ = {isa = PBXFileReference; fileEncoding = 4; lastKnownFileType = sourcecode.swift; path = CassiniViewController.swift; sourceTree = "<group>"; };
/* End PBXFileReference section */

/* Begin PBXFrameworksBuildPhase section */
		AA252C421E780B11008929FB /* Frameworks */ = {
			isa = PBXFrameworksBuildPhase;
			buildActionMask = 2147483647;
			files = (
			);
			runOnlyForDeploymentPostprocessing = 0;
		};
/* End PBXFrameworksBuildPhase section */

/* Begin PBXGroup section */
		AA252C3C1E780B11008929FB = {
			isa = PBXGroup;
			children = (
				AA252C471E780B11008929FB /* Cassini */,
				AA252C461E780B11008929FB /* Products */,
			);
			sourceTree = "<group>";
		};
		AA252C461E780B11008929FB /* Products */ = {
			isa = PBXGroup;
			children = (
				AA252C451E780B11008929FB /* Cassini.app */,
			);
			name = Products;
			sourceTree = "<group>";
		};
		AA252C471E780B11008929FB /* Cassini */ = {
			isa = PBXGroup;
			children = (
				AA252C5A1E780B32008929FB /* supporting files */,
				AA252C4C1E780B11008929FB /* Main.storyboard */,
				AA252C5B1E780D03008929FB /* ImageViewController.swift */,
				AA252C5F1E781D4A008929FB /* CassiniViewController.swift */,
				AA252C5D1E78100C008929FB /* DemoURL.swift */,
				AA252C541E780B11008929FB /* Info.plist */,
			);
			path = Cassini;
			sourceTree = "<group>";
		};
		AA252C5A1E780B32008929FB /* supporting files */ = {
			isa = PBXGroup;
			children = (
				AA252C481E780B11008929FB /* AppDelegate.swift */,
				AA252C4F1E780B11008929FB /* Assets.xcassets */,
				AA252C511E780B11008929FB /* LaunchScreen.storyboard */,
			);
			name = "supporting files";
			sourceTree = "<group>";
		};
/* End PBXGroup section */

/* Begin PBXNativeTarget section */
		AA252C441E780B11008929FB /* Cassini */ = {
			isa = PBXNativeTarget;
			buildConfigurationList = AA252C571E780B11008929FB /* Build configuration list for PBXNativeTarget "Cassini" */;
			buildPhases = (
				AA252C411E780B11008929FB /* Sources */,
				AA252C421E780B11008929FB /* Frameworks */,
				AA252C431E780B11008929FB /* Resources */,
			);
			buildRules = (
			);
			dependencies = (
			);
			name = Cassini;
			productName = Cassini;
			productReference = AA252C451E780B11008929FB /* Cassini.app */;
			productType = "com.apple.product-type.application";
		};
/* End PBXNativeTarget section */

/* Begin PBXProject section */
		AA252C3D1E780B11008929FB /* Project object */ = {
			isa = PBXProject;
			attributes = {
				LastSwiftUpdateCheck = 0820;
				LastUpgradeCheck = 0820;
				ORGANIZATIONNAME = oporas;
				TargetAttributes = {
					AA252C441E780B11008929FB = {
						CreatedOnToolsVersion = 8.2.1;
						DevelopmentTeam = PV3L2ZG6L5;
						ProvisioningStyle = Automatic;
					};
				};
			};
			buildConfigurationList = AA252C401E780B11008929FB /* Build configuration list for PBXProject "Cassini" */;
			compatibilityVersion = "Xcode 3.2";
			developmentRegion = English;
			hasScannedForEncodings = 0;
			knownRegions = (
				en,
				Base,
			);
			mainGroup = AA252C3C1E780B11008929FB;
			productRefGroup = AA252C461E780B11008929FB /* Products */;
			projectDirPath = "";
			projectRoot = "";
			targets = (
				AA252C441E780B11008929FB /* Cassini */,
			);
		};
/* End PBXProject section */

/* Begin PBXResourcesBuildPhase section */
		AA252C431E780B11008929FB /* Resources */ = {
			isa = PBXResourcesBuildPhase;
			buildActionMask = 2147483647;
			files = (
				AA252C531E780B11008929FB /* LaunchScreen.storyboard in Resources */,
				AA252C501E780B11008929FB /* Assets.xcassets in Resources */,
				AA252C4E1E780B11008929FB /* Main.storyboard in Resources */,
			);
			runOnlyForDeploymentPostprocessing = 0;
		};
/* End PBXResourcesBuildPhase section */

/* Begin PBXSourcesBuildPhase section */
		AA252C411E780B11008929FB /* Sources */ = {
			isa = PBXSourcesBuildPhase;
			buildActionMask = 2147483647;
			files = (
				AA252C5C1E780D03008929FB /* ImageViewController.swift in Sources */,
				AA252C491E780B11008929FB /* AppDelegate.swift in Sources */,
				AA252C5E1E78100C008929FB /* DemoURL.swift in Sources */,
				AA252C601E781D4A008929FB /* CassiniViewController.swift in Sources */,
			);
			runOnlyForDeploymentPostprocessing = 0;
		};
/* End PBXSourcesBuildPhase section */

/* Begin PBXVariantGroup section */
		AA252C4C1E780B11008929FB /* Main.storyboard */ = {
			isa = PBXVariantGroup;
			children = (
				AA252C4D1E780B11008929FB /* Base */,
			);
			name = Main.storyboard;
			sourceTree = "<group>";
		};
		AA252C511E780B11008929FB /* LaunchScreen.storyboard */ = {
			isa = PBXVariantGroup;
			children = (
				AA252C521E780B11008929FB /* Base */,
			);
			name = LaunchScreen.storyboard;
			sourceTree = "<group>";
		};
/* End PBXVariantGroup section */

/* Begin XCBuildConfiguration section */
		AA252C551E780B11008929FB /* Debug */ = {
			isa = XCBuildConfiguration;
			buildSettings = {
				ALWAYS_SEARCH_USER_PATHS = NO;
				CLANG_ANALYZER_NONNULL = YES;
				CLANG_CXX_LANGUAGE_STANDARD = "gnu++0x";
				CLANG_CXX_LIBRARY = "libc++";
				CLANG_ENABLE_MODULES = YES;
				CLANG_ENABLE_OBJC_ARC = YES;
				CLANG_WARN_BOOL_CONVERSION = YES;
				CLANG_WARN_CONSTANT_CONVERSION = YES;
				CLANG_WARN_DIRECT_OBJC_ISA_USAGE = YES_ERROR;
				CLANG_WARN_DOCUMENTATION_COMMENTS = YES;
				CLANG_WARN_EMPTY_BODY = YES;
				CLANG_WARN_ENUM_CONVERSION = YES;
				CLANG_WARN_INFINITE_RECURSION = YES;
				CLANG_WARN_INT_CONVERSION = YES;
				CLANG_WARN_OBJC_ROOT_CLASS = YES_ERROR;
				CLANG_WARN_SUSPICIOUS_MOVE = YES;
				CLANG_WARN_UNREACHABLE_CODE = YES;
				CLANG_WARN__DUPLICATE_METHOD_MATCH = YES;
				"CODE_SIGN_IDENTITY[sdk=iphoneos*]" = "iPhone Developer";
				COPY_PHASE_STRIP = NO;
				DEBUG_INFORMATION_FORMAT = dwarf;
				ENABLE_STRICT_OBJC_MSGSEND = YES;
				ENABLE_TESTABILITY = YES;
				GCC_C_LANGUAGE_STANDARD = gnu99;
				GCC_DYNAMIC_NO_PIC = NO;
				GCC_NO_COMMON_BLOCKS = YES;
				GCC_OPTIMIZATION_LEVEL = 0;
				GCC_PREPROCESSOR_DEFINITIONS = (
					"DEBUG=1",
					"$(inherited)",
				);
				GCC_WARN_64_TO_32_BIT_CONVERSION = YES;
				GCC_WARN_ABOUT_RETURN_TYPE = YES_ERROR;
				GCC_WARN_UNDECLARED_SELECTOR = YES;
				GCC_WARN_UNINITIALIZED_AUTOS = YES_AGGRESSIVE;
				GCC_WARN_UNUSED_FUNCTION = YES;
				GCC_WARN_UNUSED_VARIABLE = YES;
				IPHONEOS_DEPLOYMENT_TARGET = 10.2;
				MTL_ENABLE_DEBUG_INFO = YES;
				ONLY_ACTIVE_ARCH = YES;
				SDKROOT = iphoneos;
				SWIFT_ACTIVE_COMPILATION_CONDITIONS = DEBUG;
				SWIFT_OPTIMIZATION_LEVEL = "-Onone";
				TARGETED_DEVICE_FAMILY = "1,2";
			};
			name = Debug;
		};
		AA252C561E780B11008929FB /* Release */ = {
			isa = XCBuildConfiguration;
			buildSettings = {
				ALWAYS_SEARCH_USER_PATHS = NO;
				CLANG_ANALYZER_NONNULL = YES;
				CLANG_CXX_LANGUAGE_STANDARD = "gnu++0x";
				CLANG_CXX_LIBRARY = "libc++";
				CLANG_ENABLE_MODULES = YES;
				CLANG_ENABLE_OBJC_ARC = YES;
				CLANG_WARN_BOOL_CONVERSION = YES;
				CLANG_WARN_CONSTANT_CONVERSION = YES;
				CLANG_WARN_DIRECT_OBJC_ISA_USAGE = YES_ERROR;
				CLANG_WARN_DOCUMENTATION_COMMENTS = YES;
				CLANG_WARN_EMPTY_BODY = YES;
				CLANG_WARN_ENUM_CONVERSION = YES;
				CLANG_WARN_INFINITE_RECURSION = YES;
				CLANG_WARN_INT_CONVERSION = YES;
				CLANG_WARN_OBJC_ROOT_CLASS = YES_ERROR;
				CLANG_WARN_SUSPICIOUS_MOVE = YES;
				CLANG_WARN_UNREACHABLE_CODE = YES;
				CLANG_WARN__DUPLICATE_METHOD_MATCH = YES;
				"CODE_SIGN_IDENTITY[sdk=iphoneos*]" = "iPhone Developer";
				COPY_PHASE_STRIP = NO;
				DEBUG_INFORMATION_FORMAT = "dwarf-with-dsym";
				ENABLE_NS_ASSERTIONS = NO;
				ENABLE_STRICT_OBJC_MSGSEND = YES;
				GCC_C_LANGUAGE_STANDARD = gnu99;
				GCC_NO_COMMON_BLOCKS = YES;
				GCC_WARN_64_TO_32_BIT_CONVERSION = YES;
				GCC_WARN_ABOUT_RETURN_TYPE = YES_ERROR;
				GCC_WARN_UNDECLARED_SELECTOR = YES;
				GCC_WARN_UNINITIALIZED_AUTOS = YES_AGGRESSIVE;
				GCC_WARN_UNUSED_FUNCTION = YES;
				GCC_WARN_UNUSED_VARIABLE = YES;
				IPHONEOS_DEPLOYMENT_TARGET = 10.2;
				MTL_ENABLE_DEBUG_INFO = NO;
				SDKROOT = iphoneos;
				SWIFT_OPTIMIZATION_LEVEL = "-Owholemodule";
				TARGETED_DEVICE_FAMILY = "1,2";
				VALIDATE_PRODUCT = YES;
			};
			name = Release;
		};
		AA252C581E780B11008929FB /* Debug */ = {
			isa = XCBuildConfiguration;
			buildSettings = {
				ASSETCATALOG_COMPILER_APPICON_NAME = AppIcon;
				DEVELOPMENT_TEAM = PV3L2ZG6L5;
				INFOPLIST_FILE = Cassini/Info.plist;
				LD_RUNPATH_SEARCH_PATHS = "$(inherited) @executable_path/Frameworks";
				PRODUCT_BUNDLE_IDENTIFIER = fi.oporas.Cassini;
				PRODUCT_NAME = "$(TARGET_NAME)";
				SWIFT_VERSION = 3.0;
			};
			name = Debug;
		};
		AA252C591E780B11008929FB /* Release */ = {
			isa = XCBuildConfiguration;
			buildSettings = {
				ASSETCATALOG_COMPILER_APPICON_NAME = AppIcon;
				DEVELOPMENT_TEAM = PV3L2ZG6L5;
				INFOPLIST_FILE = Cassini/Info.plist;
				LD_RUNPATH_SEARCH_PATHS = "$(inherited) @executable_path/Frameworks";
				PRODUCT_BUNDLE_IDENTIFIER = fi.oporas.Cassini;
				PRODUCT_NAME = "$(TARGET_NAME)";
				SWIFT_VERSION = 3.0;
			};
			name = Release;
		};
/* End XCBuildConfiguration section */

/* Begin XCConfigurationList section */
		AA252C401E780B11008929FB /* Build configuration list for PBXProject "Cassini" */ = {
			isa = XCConfigurationList;
			buildConfigurations = (
				AA252C551E780B11008929FB /* Debug */,
				AA252C561E780B11008929FB /* Release */,
			);
			defaultConfigurationIsVisible = 0;
			defaultConfigurationName = Release;
		};
		AA252C571E780B11008929FB /* Build configuration list for PBXNativeTarget "Cassini" */ = {
			isa = XCConfigurationList;
			buildConfigurations = (
				AA252C581E780B11008929FB /* Debug */,
				AA252C591E780B11008929FB /* Release */,
			);
			defaultConfigurationIsVisible = 0;
		};
/* End XCConfigurationList section */
	};
	rootObject = AA252C3D1E780B11008929FB /* Project object */;
}
